{
  "lockfileVersion": 1,
  "configVersion": 1,
  "workspaces": {
    "": {
      "name": "filtron",
      "devDependencies": {
        "@types/bun": "catalog:",
        "oxfmt": "0.20.0",
        "oxlint": "1.35.0",
        "oxlint-tsgolint": "0.10.0",
      },
      "peerDependencies": {
        "typescript": "catalog:",
      },
      "optionalPeers": [
        "typescript",
      ],
    },
    "examples/elysia-sqlite": {
      "name": "elysia-sqlite-example",
      "version": "1.0.0",
      "dependencies": {
        "@faker-js/faker": "10.1.0",
        "@filtron/core": "workspace:*",
        "@filtron/sql": "workspace:*",
        "elysia": "1.4.19",
      },
      "devDependencies": {
        "@types/bun": "catalog:",
        "typescript": "catalog:",
      },
    },
    "packages/benchmark": {
      "name": "@filtron/benchmark",
      "version": "1.0.0",
      "dependencies": {
        "@codspeed/tinybench-plugin": "5.0.1",
        "@filtron/core": "workspace:*",
        "@filtron/js": "workspace:*",
        "@filtron/sql": "workspace:*",
        "mitata": "1.0.34",
        "tinybench": "5.1.0",
      },
      "devDependencies": {
        "@types/bun": "catalog:",
      },
      "peerDependencies": {
        "typescript": "catalog:",
      },
      "optionalPeers": [
        "typescript",
      ],
    },
    "packages/core": {
      "name": "@filtron/core",
      "version": "1.2.0",
      "devDependencies": {
        "@filtron/benchmark": "workspace:*",
        "@types/bun": "catalog:",
        "typescript": "catalog:",
      },
      "peerDependencies": {
        "typescript": "catalog:",
      },
      "optionalPeers": [
        "typescript",
      ],
    },
    "packages/js": {
      "name": "@filtron/js",
      "version": "1.0.0",
      "dependencies": {
        "@filtron/core": "workspace:*",
      },
      "devDependencies": {
        "@filtron/benchmark": "workspace:*",
        "@types/bun": "catalog:",
      },
      "peerDependencies": {
        "typescript": "catalog:",
      },
      "optionalPeers": [
        "typescript",
      ],
    },
    "packages/sql": {
      "name": "@filtron/sql",
      "version": "1.1.0",
      "dependencies": {
        "@filtron/core": "workspace:*",
      },
      "devDependencies": {
        "@filtron/benchmark": "workspace:*",
        "@types/bun": "catalog:",
        "typescript": "catalog:",
      },
      "peerDependencies": {
        "typescript": "catalog:",
      },
      "optionalPeers": [
        "typescript",
      ],
    },
  },
  "catalog": {
    "@types/bun": "1.3.5",
    "typescript": "5.9.3",
  },
  "packages": {
    "@borewit/text-codec": ["@borewit/text-codec@0.1.1", "", {}, "sha512-5L/uBxmjaCIX5h8Z+uu+kA9BQLkc/Wl06UGR5ajNRxu+/XjonB5i8JpgFMrPj3LXTCPA0pv8yxUvbUi+QthGGA=="],

    "@codspeed/core": ["@codspeed/core@5.0.1", "", { "dependencies": { "axios": "^1.4.0", "find-up": "^6.3.0", "form-data": "^4.0.4", "node-gyp-build": "^4.6.0" } }, "sha512-4g5ZyFAin8QywK4+0FK1uXG3GLRPu0oc3xbP+7OUhhFxbwpzFuaJtKmnTofMqLy9/pHH6Bl/7H0/DTVH3cpFkA=="],

    "@codspeed/tinybench-plugin": ["@codspeed/tinybench-plugin@5.0.1", "", { "dependencies": { "@codspeed/core": "^5.0.1", "stack-trace": "1.0.0-pre2" }, "peerDependencies": { "tinybench": ">=4.0.1" } }, "sha512-NFLtGi7U15lLOD2H6IVN1eTisv3R38zm1iibvytGSt2vnvsfAsq89bu65l6i91rcUaCj+zosH/yj84RGmmLBjw=="],

    "@faker-js/faker": ["@faker-js/faker@10.1.0", "", {}, "sha512-C3mrr3b5dRVlKPJdfrAXS8+dq+rq8Qm5SNRazca0JKgw1HQERFmrVb0towvMmw5uu8hHKNiQasMaR/tydf3Zsg=="],

    "@filtron/benchmark": ["@filtron/benchmark@workspace:packages/benchmark"],

    "@filtron/core": ["@filtron/core@workspace:packages/core"],

    "@filtron/js": ["@filtron/js@workspace:packages/js"],

    "@filtron/sql": ["@filtron/sql@workspace:packages/sql"],

    "@oxfmt/darwin-arm64": ["@oxfmt/darwin-arm64@0.20.0", "", { "os": "darwin", "cpu": "arm64" }, "sha512-bjR5dqvrd9gxKYfYR0ljUu3/T3+TuDVWcwA7d+tsfmx9lqidlw3zhgBTblnjF1mrd1zkPMoc5zzq86GeSEt1cA=="],

    "@oxfmt/darwin-x64": ["@oxfmt/darwin-x64@0.20.0", "", { "os": "darwin", "cpu": "x64" }, "sha512-esUDes8FlJX3IY4TVjFLgZrnZlIIyPDlhkCaHgGR3+z2eHFZOvQu68kTSpZLCEJmGXdSpU5rlveycQ6n8tk9ew=="],

    "@oxfmt/linux-arm64-gnu": ["@oxfmt/linux-arm64-gnu@0.20.0", "", { "os": "linux", "cpu": "arm64" }, "sha512-irE0RO9B0R6ziQE6kUVZtZ6IuTdRyuumn1cPWhDfpa0XUa5sE0ly8pjVsvJbj/J9qerVtidU05txeXBB5CirQg=="],

    "@oxfmt/linux-arm64-musl": ["@oxfmt/linux-arm64-musl@0.20.0", "", { "os": "linux", "cpu": "arm64" }, "sha512-eXPBLwYJm26DCmwMwhelEwQMRwuGNaYhYZOhd+CYYsmVoF+h6L6dtjwj0Ovuu0Gqh18EL8vfsaoUvb+jr3vEBg=="],

    "@oxfmt/linux-x64-gnu": ["@oxfmt/linux-x64-gnu@0.20.0", "", { "os": "linux", "cpu": "x64" }, "sha512-dTPW38Hjgb7LoD2mNgyQGBaJ1hu5YgPrxImhl5Eb04eiws+ETCM0wrb2TWGduA+Nv3rHKn3vZEkMTEjklZXgRw=="],

    "@oxfmt/linux-x64-musl": ["@oxfmt/linux-x64-musl@0.20.0", "", { "os": "linux", "cpu": "x64" }, "sha512-b4duw9JGDK/kZoqrPNU9tBOOZQdUW8KJPZ7gW7z54X1eGSqCJ1PT0XLNmZ7SOA1BzQwQ0a3qmQWfFVOsH3a5bw=="],

    "@oxfmt/win32-arm64": ["@oxfmt/win32-arm64@0.20.0", "", { "os": "win32", "cpu": "arm64" }, "sha512-XAzvBhw4K+Fe16dBaFgYAdob9WaM8RYEXl0ibbm5NlNaQEq+5bH9xwc0oaYlHFnLfcgXWmn9ceTAYqNlONQRNA=="],

    "@oxfmt/win32-x64": ["@oxfmt/win32-x64@0.20.0", "", { "os": "win32", "cpu": "x64" }, "sha512-fkJqHbJaoOMRmrjHSljyb4/7BgXO3xPLBsJSFGtm3mpfW0HHFbAKvd4/6njhqJz9KY+b3RWP1WssjFshcqQQ4w=="],

    "@oxlint-tsgolint/darwin-arm64": ["@oxlint-tsgolint/darwin-arm64@0.10.0", "", { "os": "darwin", "cpu": "arm64" }, "sha512-mhBF/pjey0UdLL1ocU46Fqta+uJuRfqrLfDpcViRg17BtDiUNd8JY9iN2FOoS2HGSCAgCUjZ0AZkwkHwFs/VTw=="],

    "@oxlint-tsgolint/darwin-x64": ["@oxlint-tsgolint/darwin-x64@0.10.0", "", { "os": "darwin", "cpu": "x64" }, "sha512-roLi34mw/i1z+NS7luboix55SXyhVv38dNUTcRDkk+0lNPzI9ngrM+1y1N2oBSUmz5o9OZGnfJJ7BSGCw/fFEQ=="],

    "@oxlint-tsgolint/linux-arm64": ["@oxlint-tsgolint/linux-arm64@0.10.0", "", { "os": "linux", "cpu": "arm64" }, "sha512-HL9NThPH1V2F6l9XhwNmhQZUknN4m4yQYEvQFFGfZTYN6cvEEBIiqfF4KvBUg8c0xadMbQlW+Ug7/ybA9Nn+CA=="],

    "@oxlint-tsgolint/linux-x64": ["@oxlint-tsgolint/linux-x64@0.10.0", "", { "os": "linux", "cpu": "x64" }, "sha512-Tw8QNq8ab+4+qE5krvJyMA66v6XE3GoiISRD5WmJ7YOxUnu//jSw/bBm7OYf/TNEZyeV0BTR7zXzhT5R+VFWlQ=="],

    "@oxlint-tsgolint/win32-arm64": ["@oxlint-tsgolint/win32-arm64@0.10.0", "", { "os": "win32", "cpu": "arm64" }, "sha512-LTogmTRwpwQqVaH1Ama8Wd5/VVZWBSF8v5qTbeT628+1F5Kt1V5eHBvyFh4oN18UCZlgqrh7DqkDhsieXUaC8Q=="],

    "@oxlint-tsgolint/win32-x64": ["@oxlint-tsgolint/win32-x64@0.10.0", "", { "os": "win32", "cpu": "x64" }, "sha512-ygqxx8EmNWy9/wCQS5uXq9k/o2EyYNwNxY1ZHNzlmZC/kV06Aemx5OBDafefawBNqH7xTZPfccUrjdiy+QlTrw=="],

    "@oxlint/darwin-arm64": ["@oxlint/darwin-arm64@1.35.0", "", { "os": "darwin", "cpu": "arm64" }, "sha512-ieiYVHkNZPo77Hgrxav595wGS4rRNKuDNrljf+4xhwpJsddrxMpM64IQUf2IvR3MhK4FxdGzhhB6OVmGVHY5/w=="],

    "@oxlint/darwin-x64": ["@oxlint/darwin-x64@1.35.0", "", { "os": "darwin", "cpu": "x64" }, "sha512-1jNHu3j66X5jKySvgtE+jGtjx4ye+xioAucVTi2IuROZO6keK2YG74pnD+9FT+DpWZAtWRZGoW0r0x6aN9sEEg=="],

    "@oxlint/linux-arm64-gnu": ["@oxlint/linux-arm64-gnu@1.35.0", "", { "os": "linux", "cpu": "arm64" }, "sha512-T1lc0UaYbTxZyqVpLfC7eipbauNG8pBpkaZEW4JGz8Y68rxTH7d9s+CF0zxUxNr5RCtcmT669RLVjQT7VrKVLg=="],

    "@oxlint/linux-arm64-musl": ["@oxlint/linux-arm64-musl@1.35.0", "", { "os": "linux", "cpu": "arm64" }, "sha512-7Wv5Pke9kwWKFycUziSHsmi3EM0389TLzraB0KE/MArrKxx30ycwfJ5PYoMj9ERoW+Ybs0txdaOF/xJy/XyYkg=="],

    "@oxlint/linux-x64-gnu": ["@oxlint/linux-x64-gnu@1.35.0", "", { "os": "linux", "cpu": "x64" }, "sha512-HDMPOzyVVy+rQl3H7UOq8oGHt7m1yaiWCanlhAu4jciK8dvXeO9OG/OQd74lD/h05IcJh93pCLEJ3wWOG8hTiQ=="],

    "@oxlint/linux-x64-musl": ["@oxlint/linux-x64-musl@1.35.0", "", { "os": "linux", "cpu": "x64" }, "sha512-kAPBBsUOM3HQQ6n3nnZauvFR9EoXqCSoj4O3OSXXarzsRTiItNrHabVUwxeswZEc+xMzQNR0FHEWg/d4QAAWLw=="],

    "@oxlint/win32-arm64": ["@oxlint/win32-arm64@1.35.0", "", { "os": "win32", "cpu": "arm64" }, "sha512-qrpBkkOASS0WT8ra9xmBRXOEliN6D/MV9JhI/68lFHrtLhfFuRwg4AjzjxrCWrQCnQ0WkvAVpJzu73F4ICLYZw=="],

    "@oxlint/win32-x64": ["@oxlint/win32-x64@1.35.0", "", { "os": "win32", "cpu": "x64" }, "sha512-yPFcj6umrhusnG/kMS5wh96vblsqZ0kArQJS+7kEOSJDrH+DsFWaDCsSRF8U6gmSmZJ26KVMU3C3TMpqDN4M1g=="],

    "@sinclair/typebox": ["@sinclair/typebox@0.34.41", "", {}, "sha512-6gS8pZzSXdyRHTIqoqSVknxolr1kzfy4/CeDnrzsVz8TTIWUbOBr6gnzOmTYJ3eXQNh4IYHIGi5aIL7sOZ2G/g=="],

    "@tokenizer/inflate": ["@tokenizer/inflate@0.3.1", "", { "dependencies": { "debug": "^4.4.1", "fflate": "^0.8.2", "token-types": "^6.0.0" } }, "sha512-4oeoZEBQdLdt5WmP/hx1KZ6D3/Oid/0cUb2nk4F0pTDAWy+KCH3/EnAkZF/bvckWo8I33EqBm01lIPgmgc8rCA=="],

    "@tokenizer/token": ["@tokenizer/token@0.3.0", "", {}, "sha512-OvjF+z51L3ov0OyAU0duzsYuvO01PH7x4t6DJx+guahgTnBHkhJdG7soQeTSFLWN3efnHyibZ4Z8l2EuWwJN3A=="],

    "@types/bun": ["@types/bun@1.3.5", "", { "dependencies": { "bun-types": "1.3.5" } }, "sha512-RnygCqNrd3srIPEWBd5LFeUYG7plCoH2Yw9WaZGyNmdTEei+gWaHqydbaIRkIkcbXwhBT94q78QljxN0Sk838w=="],

    "@types/node": ["@types/node@24.10.1", "", { "dependencies": { "undici-types": "~7.16.0" } }, "sha512-GNWcUTRBgIRJD5zj+Tq0fKOJ5XZajIiBroOF0yvj2bSU1WvNdYS/dn9UxwsujGW4JX06dnHyjV2y9rRaybH0iQ=="],

    "asynckit": ["asynckit@0.4.0", "", {}, "sha512-Oei9OH4tRh0YqU3GxhX79dM/mwVgvbZJaSNaRk+bshkj0S5cfHcgYakreBjrHwatXKbz+IoIdYLxrKim2MjW0Q=="],

    "axios": ["axios@1.13.2", "", { "dependencies": { "follow-redirects": "^1.15.6", "form-data": "^4.0.4", "proxy-from-env": "^1.1.0" } }, "sha512-VPk9ebNqPcy5lRGuSlKx752IlDatOjT9paPlm8A7yOuW2Fbvp4X3JznJtT4f0GzGLLiWE9W8onz51SqLYwzGaA=="],

    "bun-types": ["bun-types@1.3.5", "", { "dependencies": { "@types/node": "*" } }, "sha512-inmAYe2PFLs0SUbFOWSVD24sg1jFlMPxOjOSSCYqUgn4Hsc3rDc7dFvfVYjFPNHtov6kgUeulV4SxbuIV/stPw=="],

    "call-bind-apply-helpers": ["call-bind-apply-helpers@1.0.2", "", { "dependencies": { "es-errors": "^1.3.0", "function-bind": "^1.1.2" } }, "sha512-Sp1ablJ0ivDkSzjcaJdxEunN5/XvksFJ2sMBFfq6x0ryhQV/2b/KwFe21cMpmHtPOSij8K99/wSfoEuTObmuMQ=="],

    "combined-stream": ["combined-stream@1.0.8", "", { "dependencies": { "delayed-stream": "~1.0.0" } }, "sha512-FQN4MRfuJeHf7cBbBMJFXhKSDq+2kAArBlmRBvcvFE5BB1HZKXtSFASDhdlz9zOYwxh8lDdnvmMOe/+5cdoEdg=="],

    "cookie": ["cookie@1.1.1", "", {}, "sha512-ei8Aos7ja0weRpFzJnEA9UHJ/7XQmqglbRwnf2ATjcB9Wq874VKH9kfjjirM6UhU2/E5fFYadylyhFldcqSidQ=="],

    "debug": ["debug@4.4.3", "", { "dependencies": { "ms": "^2.1.3" } }, "sha512-RGwwWnwQvkVfavKVt22FGLw+xYSdzARwm0ru6DhTVA3umU5hZc28V3kO4stgYryrTlLpuvgI9GiijltAjNbcqA=="],

    "delayed-stream": ["delayed-stream@1.0.0", "", {}, "sha512-ZySD7Nf91aLB0RxL4KGrKHBXl7Eds1DAmEdcoVawXnLD7SDhpNgtuII2aAkg7a7QS41jxPSZ17p4VdGnMHk3MQ=="],

    "dunder-proto": ["dunder-proto@1.0.1", "", { "dependencies": { "call-bind-apply-helpers": "^1.0.1", "es-errors": "^1.3.0", "gopd": "^1.2.0" } }, "sha512-KIN/nDJBQRcXw0MLVhZE9iQHmG68qAVIBg9CqmUYjmQIhgij9U5MFvrqkUL5FbtyyzZuOeOt0zdeRe4UY7ct+A=="],

    "elysia": ["elysia@1.4.19", "", { "dependencies": { "cookie": "^1.1.1", "exact-mirror": "0.2.5", "fast-decode-uri-component": "^1.0.1", "memoirist": "^0.4.0" }, "peerDependencies": { "@sinclair/typebox": ">= 0.34.0 < 1", "@types/bun": ">= 1.2.0", "file-type": ">= 20.0.0", "openapi-types": ">= 12.0.0", "typescript": ">= 5.0.0" }, "optionalPeers": ["@types/bun", "typescript"] }, "sha512-DZb9y8FnWyX5IuqY44SvqAV0DjJ15NeCWHrLdgXrKgTPDPsl3VNwWHqrEr9bmnOCpg1vh6QUvAX/tcxNj88jLA=="],

    "elysia-sqlite-example": ["elysia-sqlite-example@workspace:examples/elysia-sqlite"],

    "es-define-property": ["es-define-property@1.0.1", "", {}, "sha512-e3nRfgfUZ4rNGL232gUgX06QNyyez04KdjFrF+LTRoOXmrOgFKDg4BCdsjW8EnT69eqdYGmRpJwiPVYNrCaW3g=="],

    "es-errors": ["es-errors@1.3.0", "", {}, "sha512-Zf5H2Kxt2xjTvbJvP2ZWLEICxA6j+hAmMzIlypy4xcBg1vKVnx89Wy0GbS+kf5cwCVFFzdCFh2XSCFNULS6csw=="],

    "es-object-atoms": ["es-object-atoms@1.1.1", "", { "dependencies": { "es-errors": "^1.3.0" } }, "sha512-FGgH2h8zKNim9ljj7dankFPcICIK9Cp5bm+c2gQSYePhpaG5+esrLODihIorn+Pe6FGJzWhXQotPv73jTaldXA=="],

    "es-set-tostringtag": ["es-set-tostringtag@2.1.0", "", { "dependencies": { "es-errors": "^1.3.0", "get-intrinsic": "^1.2.6", "has-tostringtag": "^1.0.2", "hasown": "^2.0.2" } }, "sha512-j6vWzfrGVfyXxge+O0x5sh6cvxAog0a/4Rdd2K36zCMV5eJ+/+tOAngRO8cODMNWbVRdVlmGZQL2YS3yR8bIUA=="],

    "exact-mirror": ["exact-mirror@0.2.5", "", { "peerDependencies": { "@sinclair/typebox": "^0.34.15" }, "optionalPeers": ["@sinclair/typebox"] }, "sha512-u8Wu2lO8nio5lKSJubOydsdNtQmH8ENba5m0nbQYmTvsjksXKYIS1nSShdDlO8Uem+kbo+N6eD5I03cpZ+QsRQ=="],

    "fast-decode-uri-component": ["fast-decode-uri-component@1.0.1", "", {}, "sha512-WKgKWg5eUxvRZGwW8FvfbaH7AXSh2cL+3j5fMGzUMCxWBJ3dV3a7Wz8y2f/uQ0e3B6WmodD3oS54jTQ9HVTIIg=="],

    "fflate": ["fflate@0.8.2", "", {}, "sha512-cPJU47OaAoCbg0pBvzsgpTPhmhqI5eJjh/JIu8tPj5q+T7iLvW/JAYUqmE7KOB4R1ZyEhzBaIQpQpardBF5z8A=="],

    "file-type": ["file-type@21.1.0", "", { "dependencies": { "@tokenizer/inflate": "^0.3.1", "strtok3": "^10.3.1", "token-types": "^6.0.0", "uint8array-extras": "^1.4.0" } }, "sha512-boU4EHmP3JXkwDo4uhyBhTt5pPstxB6eEXKJBu2yu2l7aAMMm7QQYQEzssJmKReZYrFdFOJS8koVo6bXIBGDqA=="],

    "find-up": ["find-up@6.3.0", "", { "dependencies": { "locate-path": "^7.1.0", "path-exists": "^5.0.0" } }, "sha512-v2ZsoEuVHYy8ZIlYqwPe/39Cy+cFDzp4dXPaxNvkEuouymu+2Jbz0PxpKarJHYJTmv2HWT3O382qY8l4jMWthw=="],

    "follow-redirects": ["follow-redirects@1.15.11", "", {}, "sha512-deG2P0JfjrTxl50XGCDyfI97ZGVCxIpfKYmfyrQ54n5FO/0gfIES8C/Psl6kWVDolizcaaxZJnTS0QSMxvnsBQ=="],

    "form-data": ["form-data@4.0.5", "", { "dependencies": { "asynckit": "^0.4.0", "combined-stream": "^1.0.8", "es-set-tostringtag": "^2.1.0", "hasown": "^2.0.2", "mime-types": "^2.1.12" } }, "sha512-8RipRLol37bNs2bhoV67fiTEvdTrbMUYcFTiy3+wuuOnUog2QBHCZWXDRijWQfAkhBj2Uf5UnVaiWwA5vdd82w=="],

    "function-bind": ["function-bind@1.1.2", "", {}, "sha512-7XHNxH7qX9xG5mIwxkhumTox/MIRNcOgDrxWsMt2pAr23WHp6MrRlN7FBSFpCpr+oVO0F744iUgR82nJMfG2SA=="],

    "get-intrinsic": ["get-intrinsic@1.3.0", "", { "dependencies": { "call-bind-apply-helpers": "^1.0.2", "es-define-property": "^1.0.1", "es-errors": "^1.3.0", "es-object-atoms": "^1.1.1", "function-bind": "^1.1.2", "get-proto": "^1.0.1", "gopd": "^1.2.0", "has-symbols": "^1.1.0", "hasown": "^2.0.2", "math-intrinsics": "^1.1.0" } }, "sha512-9fSjSaos/fRIVIp+xSJlE6lfwhES7LNtKaCBIamHsjr2na1BiABJPo0mOjjz8GJDURarmCPGqaiVg5mfjb98CQ=="],

    "get-proto": ["get-proto@1.0.1", "", { "dependencies": { "dunder-proto": "^1.0.1", "es-object-atoms": "^1.0.0" } }, "sha512-sTSfBjoXBp89JvIKIefqw7U2CCebsc74kiY6awiGogKtoSGbgjYE/G/+l9sF3MWFPNc9IcoOC4ODfKHfxFmp0g=="],

    "gopd": ["gopd@1.2.0", "", {}, "sha512-ZUKRh6/kUFoAiTAtTYPZJ3hw9wNxx+BIBOijnlG9PnrJsCcSjs1wyyD6vJpaYtgnzDrKYRSqf3OO6Rfa93xsRg=="],

    "has-symbols": ["has-symbols@1.1.0", "", {}, "sha512-1cDNdwJ2Jaohmb3sg4OmKaMBwuC48sYni5HUw2DvsC8LjGTLK9h+eb1X6RyuOHe4hT0ULCW68iomhjUoKUqlPQ=="],

    "has-tostringtag": ["has-tostringtag@1.0.2", "", { "dependencies": { "has-symbols": "^1.0.3" } }, "sha512-NqADB8VjPFLM2V0VvHUewwwsw0ZWBaIdgo+ieHtK3hasLz4qeCRjYcqfB6AQrBggRKppKF8L52/VqdVsO47Dlw=="],

    "hasown": ["hasown@2.0.2", "", { "dependencies": { "function-bind": "^1.1.2" } }, "sha512-0hJU9SCPvmMzIBdZFqNPXWa6dqh7WdH0cII9y+CyS8rG3nL48Bclra9HmKhVVUHyPWNH5Y7xDwAB7bfgSjkUMQ=="],

    "ieee754": ["ieee754@1.2.1", "", {}, "sha512-dcyqhDvX1C46lXZcVqCpK+FtMRQVdIMN6/Df5js2zouUsqG7I6sFxitIC+7KYK29KdXOLHdu9zL4sFnoVQnqaA=="],

    "locate-path": ["locate-path@7.2.0", "", { "dependencies": { "p-locate": "^6.0.0" } }, "sha512-gvVijfZvn7R+2qyPX8mAuKcFGDf6Nc61GdvGafQsHL0sBIxfKzA+usWn4GFC/bk+QdwPUD4kWFJLhElipq+0VA=="],

    "math-intrinsics": ["math-intrinsics@1.1.0", "", {}, "sha512-/IXtbwEk5HTPyEwyKX6hGkYXxM9nbj64B+ilVJnC/R6B0pH5G4V3b0pVbL7DBj4tkhBAppbQUlf6F6Xl9LHu1g=="],

    "memoirist": ["memoirist@0.4.0", "", {}, "sha512-zxTgA0mSYELa66DimuNQDvyLq36AwDlTuVRbnQtB+VuTcKWm5Qc4z3WkSpgsFWHNhexqkIooqpv4hdcqrX5Nmg=="],

    "mime-db": ["mime-db@1.52.0", "", {}, "sha512-sPU4uV7dYlvtWJxwwxHD0PuihVNiE7TyAbQ5SWxDCB9mUYvOgroQOwYQQOKPJ8CIbE+1ETVlOoK1UC2nU3gYvg=="],

    "mime-types": ["mime-types@2.1.35", "", { "dependencies": { "mime-db": "1.52.0" } }, "sha512-ZDY+bPm5zTTF+YpCrAU9nK0UgICYPT0QtT1NZWFv4s++TNkcgVaT0g6+4R2uI4MjQjzysHB1zxuWL50hzaeXiw=="],

    "mitata": ["mitata@1.0.34", "", {}, "sha512-Mc3zrtNBKIMeHSCQ0XqRLo1vbdIx1wvFV9c8NJAiyho6AjNfMY8bVhbS12bwciUdd1t4rj8099CH3N3NFahaUA=="],

    "ms": ["ms@2.1.3", "", {}, "sha512-6FlzubTLZG3J2a/NVCAleEhjzq5oxgHyaCU9yYXvcLsvoVaHJq/s5xXI6/XXP6tz7R9xAOtHnSO/tXtF3WRTlA=="],

    "node-gyp-build": ["node-gyp-build@4.8.4", "", { "bin": { "node-gyp-build": "bin.js", "node-gyp-build-optional": "optional.js", "node-gyp-build-test": "build-test.js" } }, "sha512-LA4ZjwlnUblHVgq0oBF3Jl/6h/Nvs5fzBLwdEF4nuxnFdsfajde4WfxtJr3CaiH+F6ewcIB/q4jQ4UzPyid+CQ=="],

    "openapi-types": ["openapi-types@12.1.3", "", {}, "sha512-N4YtSYJqghVu4iek2ZUvcN/0aqH1kRDuNqzcycDxhOUpg7GdvLa2F3DgS6yBNhInhv2r/6I0Flkn7CqL8+nIcw=="],

    "oxfmt": ["oxfmt@0.20.0", "", { "dependencies": { "tinypool": "2.0.0" }, "optionalDependencies": { "@oxfmt/darwin-arm64": "0.20.0", "@oxfmt/darwin-x64": "0.20.0", "@oxfmt/linux-arm64-gnu": "0.20.0", "@oxfmt/linux-arm64-musl": "0.20.0", "@oxfmt/linux-x64-gnu": "0.20.0", "@oxfmt/linux-x64-musl": "0.20.0", "@oxfmt/win32-arm64": "0.20.0", "@oxfmt/win32-x64": "0.20.0" }, "bin": { "oxfmt": "bin/oxfmt" } }, "sha512-+7f8eV8iaK3tENN/FUVxZM1g78HjPehybN8/+/dvEA1O893Dcvk6O7/Q1wTQOHMD7wvdwWdujKl+Uo8QMiKDrQ=="],

    "oxlint": ["oxlint@1.35.0", "", { "optionalDependencies": { "@oxlint/darwin-arm64": "1.35.0", "@oxlint/darwin-x64": "1.35.0", "@oxlint/linux-arm64-gnu": "1.35.0", "@oxlint/linux-arm64-musl": "1.35.0", "@oxlint/linux-x64-gnu": "1.35.0", "@oxlint/linux-x64-musl": "1.35.0", "@oxlint/win32-arm64": "1.35.0", "@oxlint/win32-x64": "1.35.0" }, "peerDependencies": { "oxlint-tsgolint": ">=0.10.0" }, "optionalPeers": ["oxlint-tsgolint"], "bin": { "oxc_language_server": "bin/oxc_language_server", "oxlint": "bin/oxlint" } }, "sha512-QDX1aUgaiqznkGfTM2qHwva2wtKqhVoqPSVXrnPz+yLUhlNadikD3QRuRtppHl7WGuy3wG6nKAuR8lash3aWSg=="],

    "oxlint-tsgolint": ["oxlint-tsgolint@0.10.0", "", { "optionalDependencies": { "@oxlint-tsgolint/darwin-arm64": "0.10.0", "@oxlint-tsgolint/darwin-x64": "0.10.0", "@oxlint-tsgolint/linux-arm64": "0.10.0", "@oxlint-tsgolint/linux-x64": "0.10.0", "@oxlint-tsgolint/win32-arm64": "0.10.0", "@oxlint-tsgolint/win32-x64": "0.10.0" }, "bin": { "tsgolint": "bin/tsgolint.js" } }, "sha512-LDDSIu5J/4D4gFUuQQIEQpAC6maNEbMg4nC8JL/+Pe0cUDR86dtVZ09E2x5MwCh8f9yfktoaxt5x6UIVyzrajg=="],

    "p-limit": ["p-limit@4.0.0", "", { "dependencies": { "yocto-queue": "^1.0.0" } }, "sha512-5b0R4txpzjPWVw/cXXUResoD4hb6U/x9BH08L7nw+GN1sezDzPdxeRvpc9c433fZhBan/wusjbCsqwqm4EIBIQ=="],

    "p-locate": ["p-locate@6.0.0", "", { "dependencies": { "p-limit": "^4.0.0" } }, "sha512-wPrq66Llhl7/4AGC6I+cqxT07LhXvWL08LNXz1fENOw0Ap4sRZZ/gZpTTJ5jpurzzzfS2W/Ge9BY3LgLjCShcw=="],

    "path-exists": ["path-exists@5.0.0", "", {}, "sha512-RjhtfwJOxzcFmNOi6ltcbcu4Iu+FL3zEj83dk4kAS+fVpTxXLO1b38RvJgT/0QwvV/L3aY9TAnyv0EOqW4GoMQ=="],

    "proxy-from-env": ["proxy-from-env@1.1.0", "", {}, "sha512-D+zkORCbA9f1tdWRK0RaCR3GPv50cMxcrz4X8k5LTSUD1Dkw47mKJEZQNunItRTkWwgtaUSo1RVFRIG9ZXiFYg=="],

    "stack-trace": ["stack-trace@1.0.0-pre2", "", {}, "sha512-2ztBJRek8IVofG9DBJqdy2N5kulaacX30Nz7xmkYF6ale9WBVmIy6mFBchvGX7Vx/MyjBhx+Rcxqrj+dbOnQ6A=="],

    "strtok3": ["strtok3@10.3.4", "", { "dependencies": { "@tokenizer/token": "^0.3.0" } }, "sha512-KIy5nylvC5le1OdaaoCJ07L+8iQzJHGH6pWDuzS+d07Cu7n1MZ2x26P8ZKIWfbK02+XIL8Mp4RkWeqdUCrDMfg=="],

    "tinybench": ["tinybench@5.1.0", "", {}, "sha512-LXKNtFualiKOm6gADe1UXPtf8+Nfn1CtPMEHAT33Fd2YjQatrujkDcK0+4wRC1X6t7fxUDXUs6BsvuIgfkDgDg=="],

    "tinypool": ["tinypool@2.0.0", "", {}, "sha512-/RX9RzeH2xU5ADE7n2Ykvmi9ED3FBGPAjw9u3zucrNNaEBIO0HPSYgL0NT7+3p147ojeSdaVu08F6hjpv31HJg=="],

    "token-types": ["token-types@6.1.1", "", { "dependencies": { "@borewit/text-codec": "^0.1.0", "@tokenizer/token": "^0.3.0", "ieee754": "^1.2.1" } }, "sha512-kh9LVIWH5CnL63Ipf0jhlBIy0UsrMj/NJDfpsy1SqOXlLKEVyXXYrnFxFT1yOOYVGBSApeVnjPw/sBz5BfEjAQ=="],

    "typescript": ["typescript@5.9.3", "", { "bin": { "tsc": "bin/tsc", "tsserver": "bin/tsserver" } }, "sha512-jl1vZzPDinLr9eUt3J/t7V6FgNEw9QjvBPdysz9KfQDD41fQrC2Y4vKQdiaUpFT4bXlb1RHhLpp8wtm6M5TgSw=="],

    "uint8array-extras": ["uint8array-extras@1.5.0", "", {}, "sha512-rvKSBiC5zqCCiDZ9kAOszZcDvdAHwwIKJG33Ykj43OKcWsnmcBRL09YTU4nOeHZ8Y2a7l1MgTd08SBe9A8Qj6A=="],

    "undici-types": ["undici-types@7.16.0", "", {}, "sha512-Zz+aZWSj8LE6zoxD+xrjh4VfkIG8Ya6LvYkZqtUQGJPZjYl53ypCaUwWqo7eI0x66KBGeRo+mlBEkMSeSZ38Nw=="],

    "yocto-queue": ["yocto-queue@1.2.2", "", {}, "sha512-4LCcse/U2MHZ63HAJVE+v71o7yOdIe4cZ70Wpf8D/IyjDKYQLV5GD46B+hSTjJsvV5PztjvHoU580EftxjDZFQ=="],
  }
}
